
Microsoft Visual Studio Solution File, Format Version 12.00
# Visual Studio Version 17
VisualStudioVersion = 17.5.33516.290
MinimumVisualStudioVersion = 10.0.40219.1
Project("{FAE04EC0-301F-11D3-BF4B-00C04F79EFBC}") = "dolarEreal", "dolarEreal\dolarEreal.csproj", "{A8C00D4E-CB43-491D-8C75-EECEBB85BE11}"
EndProject
Global
	GlobalSection(SolutionConfigurationPlatforms) = preSolution
		Debug|Any CPU = Debug|Any CPU
		Release|Any CPU = Release|Any CPU
	EndGlobalSection
	GlobalSection(ProjectConfigurationPlatforms) = postSolution
		{A8C00D4E-CB43-491D-8C75-EECEBB85BE11}.Debug|Any CPU.ActiveCfg = Debug|Any CPU
		{A8C00D4E-CB43-491D-8C75-EECEBB85BE11}.Debug|Any CPU.Build.0 = Debug|Any CPU
		{A8C00D4E-CB43-491D-8C75-EECEBB85BE11}.Release|Any CPU.ActiveCfg = Release|Any CPU
		{A8C00D4E-CB43-491D-8C75-EECEBB85BE11}.Release|Any CPU.Build.0 = Release|Any CPU
	EndGlobalSection
	GlobalSection(SolutionProperties) = preSolution
		HideSolutionNode = FALSE
	EndGlobalSection
	GlobalSection(ExtensibilityGlobals) = postSolution
		SolutionGuid = {10E00537-6156-4569-BD9D-D455B566FD21}
	EndGlobalSection
EndGlobal
